// !$*UTF8*$!
{
	archiveVersion = 1;
	classes = {
	};
	objectVersion = 56;
	objects = {

/* Begin PBXBuildFile section */
		4A801A7129BF9F31006F0BD2 /* Error.cpp in Sources */ = {isa = PBXBuildFile; fileRef = 4A801A5C29BF9F31006F0BD2 /* Error.cpp */; };
		4A801A7229BF9F31006F0BD2 /* 01-ErrorTester.cpp in Sources */ = {isa = PBXBuildFile; fileRef = 4A801A5E29BF9F31006F0BD2 /* 01-ErrorTester.cpp */; };
		4A801A7329BF9F31006F0BD2 /* 05-DateValidation.cpp in Sources */ = {isa = PBXBuildFile; fileRef = 4A801A6229BF9F31006F0BD2 /* 05-DateValidation.cpp */; };
		4A801A7429BF9F31006F0BD2 /* 02-constantValueTests.cpp in Sources */ = {isa = PBXBuildFile; fileRef = 4A801A6529BF9F31006F0BD2 /* 02-constantValueTests.cpp */; };
		4A801A7529BF9F31006F0BD2 /* 03-DateConstructorTests.cpp in Sources */ = {isa = PBXBuildFile; fileRef = 4A801A6629BF9F31006F0BD2 /* 03-DateConstructorTests.cpp */; };
		4A801A7629BF9F31006F0BD2 /* Date.cpp in Sources */ = {isa = PBXBuildFile; fileRef = 4A801A6929BF9F31006F0BD2 /* Date.cpp */; };
		4A801A7729BF9F31006F0BD2 /* 04-DateLogicalOperators.cpp in Sources */ = {isa = PBXBuildFile; fileRef = 4A801A6A29BF9F31006F0BD2 /* 04-DateLogicalOperators.cpp */; };
		4A801A7829BF9F31006F0BD2 /* Utils.cpp in Sources */ = {isa = PBXBuildFile; fileRef = 4A801A6D29BF9F31006F0BD2 /* Utils.cpp */; };
		4A801A7A29BF9F7D006F0BD2 /* main.cpp in Sources */ = {isa = PBXBuildFile; fileRef = 4A801A7929BF9F7D006F0BD2 /* main.cpp */; };
/* End PBXBuildFile section */

/* Begin PBXCopyFilesBuildPhase section */
		4A801A5029BF9EFC006F0BD2 /* CopyFiles */ = {
			isa = PBXCopyFilesBuildPhase;
			buildActionMask = 2147483647;
			dstPath = /usr/share/man/man1/;
			dstSubfolderSpec = 0;
			files = (
			);
			runOnlyForDeploymentPostprocessing = 1;
		};
/* End PBXCopyFilesBuildPhase section */

/* Begin PBXFileReference section */
		4A801A5229BF9EFC006F0BD2 /* MS2 */ = {isa = PBXFileReference; explicitFileType = "compiled.mach-o.executable"; includeInIndex = 0; path = MS2; sourceTree = BUILT_PRODUCTS_DIR; };
		4A801A5C29BF9F31006F0BD2 /* Error.cpp */ = {isa = PBXFileReference; fileEncoding = 4; lastKnownFileType = sourcecode.cpp.cpp; path = Error.cpp; sourceTree = "<group>"; };
		4A801A5E29BF9F31006F0BD2 /* 01-ErrorTester.cpp */ = {isa = PBXFileReference; fileEncoding = 4; lastKnownFileType = sourcecode.cpp.cpp; path = "01-ErrorTester.cpp"; sourceTree = "<group>"; };
		4A801A5F29BF9F31006F0BD2 /* Utils.h */ = {isa = PBXFileReference; fileEncoding = 4; lastKnownFileType = sourcecode.c.h; path = Utils.h; sourceTree = "<group>"; };
		4A801A6029BF9F31006F0BD2 /* POS.h */ = {isa = PBXFileReference; fileEncoding = 4; lastKnownFileType = sourcecode.c.h; path = POS.h; sourceTree = "<group>"; };
		4A801A6129BF9F31006F0BD2 /* 01-output.txt */ = {isa = PBXFileReference; fileEncoding = 4; lastKnownFileType = text; path = "01-output.txt"; sourceTree = "<group>"; };
		4A801A6229BF9F31006F0BD2 /* 05-DateValidation.cpp */ = {isa = PBXFileReference; fileEncoding = 4; lastKnownFileType = sourcecode.cpp.cpp; path = "05-DateValidation.cpp"; sourceTree = "<group>"; };
		4A801A6329BF9F31006F0BD2 /* 04-output.txt */ = {isa = PBXFileReference; fileEncoding = 4; lastKnownFileType = text; path = "04-output.txt"; sourceTree = "<group>"; };
		4A801A6529BF9F31006F0BD2 /* 02-constantValueTests.cpp */ = {isa = PBXFileReference; fileEncoding = 4; lastKnownFileType = sourcecode.cpp.cpp; path = "02-constantValueTests.cpp"; sourceTree = "<group>"; };
		4A801A6629BF9F31006F0BD2 /* 03-DateConstructorTests.cpp */ = {isa = PBXFileReference; fileEncoding = 4; lastKnownFileType = sourcecode.cpp.cpp; path = "03-DateConstructorTests.cpp"; sourceTree = "<group>"; };
		4A801A6729BF9F31006F0BD2 /* 02-output.txt */ = {isa = PBXFileReference; fileEncoding = 4; lastKnownFileType = text; path = "02-output.txt"; sourceTree = "<group>"; };
		4A801A6829BF9F31006F0BD2 /* dateEntries.txt */ = {isa = PBXFileReference; fileEncoding = 4; lastKnownFileType = text; path = dateEntries.txt; sourceTree = "<group>"; };
		4A801A6929BF9F31006F0BD2 /* Date.cpp */ = {isa = PBXFileReference; fileEncoding = 4; lastKnownFileType = sourcecode.cpp.cpp; path = Date.cpp; sourceTree = "<group>"; };
		4A801A6A29BF9F31006F0BD2 /* 04-DateLogicalOperators.cpp */ = {isa = PBXFileReference; fileEncoding = 4; lastKnownFileType = sourcecode.cpp.cpp; path = "04-DateLogicalOperators.cpp"; sourceTree = "<group>"; };
		4A801A6B29BF9F31006F0BD2 /* Error.h */ = {isa = PBXFileReference; fileEncoding = 4; lastKnownFileType = sourcecode.c.h; path = Error.h; sourceTree = "<group>"; };
		4A801A6D29BF9F31006F0BD2 /* Utils.cpp */ = {isa = PBXFileReference; fileEncoding = 4; lastKnownFileType = sourcecode.cpp.cpp; path = Utils.cpp; sourceTree = "<group>"; };
		4A801A6E29BF9F31006F0BD2 /* 05-output.txt */ = {isa = PBXFileReference; fileEncoding = 4; lastKnownFileType = text; path = "05-output.txt"; sourceTree = "<group>"; };
		4A801A6F29BF9F31006F0BD2 /* 03-output.txt */ = {isa = PBXFileReference; fileEncoding = 4; lastKnownFileType = text; path = "03-output.txt"; sourceTree = "<group>"; };
		4A801A7029BF9F31006F0BD2 /* Date.h */ = {isa = PBXFileReference; fileEncoding = 4; lastKnownFileType = sourcecode.c.h; path = Date.h; sourceTree = "<group>"; };
		4A801A7929BF9F7D006F0BD2 /* main.cpp */ = {isa = PBXFileReference; lastKnownFileType = sourcecode.cpp.cpp; path = main.cpp; sourceTree = "<group>"; };
/* End PBXFileReference section */

/* Begin PBXFrameworksBuildPhase section */
		4A801A4F29BF9EFC006F0BD2 /* Frameworks */ = {
			isa = PBXFrameworksBuildPhase;
			buildActionMask = 2147483647;
			files = (
			);
			runOnlyForDeploymentPostprocessing = 0;
		};
/* End PBXFrameworksBuildPhase section */

/* Begin PBXGroup section */
		4A801A4929BF9EFC006F0BD2 = {
			isa = PBXGroup;
			children = (
				4A801A7929BF9F7D006F0BD2 /* main.cpp */,
				4A801A5E29BF9F31006F0BD2 /* 01-ErrorTester.cpp */,
				4A801A6529BF9F31006F0BD2 /* 02-constantValueTests.cpp */,
				4A801A6629BF9F31006F0BD2 /* 03-DateConstructorTests.cpp */,
				4A801A6A29BF9F31006F0BD2 /* 04-DateLogicalOperators.cpp */,
				4A801A6229BF9F31006F0BD2 /* 05-DateValidation.cpp */,
				4A801A6929BF9F31006F0BD2 /* Date.cpp */,
				4A801A7029BF9F31006F0BD2 /* Date.h */,
				4A801A5C29BF9F31006F0BD2 /* Error.cpp */,
				4A801A6B29BF9F31006F0BD2 /* Error.h */,
				4A801A6029BF9F31006F0BD2 /* POS.h */,
				4A801A6D29BF9F31006F0BD2 /* Utils.cpp */,
				4A801A5F29BF9F31006F0BD2 /* Utils.h */,
				4A801A6129BF9F31006F0BD2 /* 01-output.txt */,
				4A801A6729BF9F31006F0BD2 /* 02-output.txt */,
				4A801A6F29BF9F31006F0BD2 /* 03-output.txt */,
				4A801A6329BF9F31006F0BD2 /* 04-output.txt */,
				4A801A6E29BF9F31006F0BD2 /* 05-output.txt */,
				4A801A6829BF9F31006F0BD2 /* dateEntries.txt */,
				4A801A5329BF9EFC006F0BD2 /* Products */,
			);
			sourceTree = "<group>";
		};
		4A801A5329BF9EFC006F0BD2 /* Products */ = {
			isa = PBXGroup;
			children = (
				4A801A5229BF9EFC006F0BD2 /* MS2 */,
			);
			name = Products;
			sourceTree = "<group>";
		};
/* End PBXGroup section */

/* Begin PBXNativeTarget section */
		4A801A5129BF9EFC006F0BD2 /* MS2 */ = {
			isa = PBXNativeTarget;
			buildConfigurationList = 4A801A5929BF9EFC006F0BD2 /* Build configuration list for PBXNativeTarget "MS2" */;
			buildPhases = (
				4A801A4E29BF9EFC006F0BD2 /* Sources */,
				4A801A4F29BF9EFC006F0BD2 /* Frameworks */,
				4A801A5029BF9EFC006F0BD2 /* CopyFiles */,
			);
			buildRules = (
			);
			dependencies = (
			);
			name = MS2;
			productName = MS2;
			productReference = 4A801A5229BF9EFC006F0BD2 /* MS2 */;
			productType = "com.apple.product-type.tool";
		};
/* End PBXNativeTarget section */

/* Begin PBXProject section */
		4A801A4A29BF9EFC006F0BD2 /* Project object */ = {
			isa = PBXProject;
			attributes = {
				BuildIndependentTargetsInParallel = 1;
				LastUpgradeCheck = 1420;
				TargetAttributes = {
					4A801A5129BF9EFC006F0BD2 = {
						CreatedOnToolsVersion = 14.2;
					};
				};
			};
			buildConfigurationList = 4A801A4D29BF9EFC006F0BD2 /* Build configuration list for PBXProject "MS2" */;
			compatibilityVersion = "Xcode 14.0";
			developmentRegion = en;
			hasScannedForEncodings = 0;
			knownRegions = (
				en,
				Base,
			);
			mainGroup = 4A801A4929BF9EFC006F0BD2;
			productRefGroup = 4A801A5329BF9EFC006F0BD2 /* Products */;
			projectDirPath = "";
			projectRoot = "";
			targets = (
				4A801A5129BF9EFC006F0BD2 /* MS2 */,
			);
		};
/* End PBXProject section */

/* Begin PBXSourcesBuildPhase section */
		4A801A4E29BF9EFC006F0BD2 /* Sources */ = {
			isa = PBXSourcesBuildPhase;
			buildActionMask = 2147483647;
			files = (
				4A801A7729BF9F31006F0BD2 /* 04-DateLogicalOperators.cpp in Sources */,
				4A801A7229BF9F31006F0BD2 /* 01-ErrorTester.cpp in Sources */,
				4A801A7A29BF9F7D006F0BD2 /* main.cpp in Sources */,
				4A801A7129BF9F31006F0BD2 /* Error.cpp in Sources */,
				4A801A7829BF9F31006F0BD2 /* Utils.cpp in Sources */,
				4A801A7529BF9F31006F0BD2 /* 03-DateConstructorTests.cpp in Sources */,
				4A801A7629BF9F31006F0BD2 /* Date.cpp in Sources */,
				4A801A7329BF9F31006F0BD2 /* 05-DateValidation.cpp in Sources */,
				4A801A7429BF9F31006F0BD2 /* 02-constantValueTests.cpp in Sources */,
			);
			runOnlyForDeploymentPostprocessing = 0;
		};
/* End PBXSourcesBuildPhase section */

/* Begin XCBuildConfiguration section */
		4A801A5729BF9EFC006F0BD2 /* Debug */ = {
			isa = XCBuildConfiguration;
			buildSettings = {
				ALWAYS_SEARCH_USER_PATHS = NO;
				CLANG_ANALYZER_NONNULL = YES;
				CLANG_ANALYZER_NUMBER_OBJECT_CONVERSION = YES_AGGRESSIVE;
				CLANG_CXX_LANGUAGE_STANDARD = "gnu++20";
				CLANG_ENABLE_MODULES = YES;
				CLANG_ENABLE_OBJC_ARC = YES;
				CLANG_ENABLE_OBJC_WEAK = YES;
				CLANG_WARN_BLOCK_CAPTURE_AUTORELEASING = YES;
				CLANG_WARN_BOOL_CONVERSION = YES;
				CLANG_WARN_COMMA = YES;
				CLANG_WARN_CONSTANT_CONVERSION = YES;
				CLANG_WARN_DEPRECATED_OBJC_IMPLEMENTATIONS = YES;
				CLANG_WARN_DIRECT_OBJC_ISA_USAGE = YES_ERROR;
				CLANG_WARN_DOCUMENTATION_COMMENTS = YES;
				CLANG_WARN_EMPTY_BODY = YES;
				CLANG_WARN_ENUM_CONVERSION = YES;
				CLANG_WARN_INFINITE_RECURSION = YES;
				CLANG_WARN_INT_CONVERSION = YES;
				CLANG_WARN_NON_LITERAL_NULL_CONVERSION = YES;
				CLANG_WARN_OBJC_IMPLICIT_RETAIN_SELF = YES;
				CLANG_WARN_OBJC_LITERAL_CONVERSION = YES;
				CLANG_WARN_OBJC_ROOT_CLASS = YES_ERROR;
				CLANG_WARN_QUOTED_INCLUDE_IN_FRAMEWORK_HEADER = YES;
				CLANG_WARN_RANGE_LOOP_ANALYSIS = YES;
				CLANG_WARN_STRICT_PROTOTYPES = YES;
				CLANG_WARN_SUSPICIOUS_MOVE = YES;
				CLANG_WARN_UNGUARDED_AVAILABILITY = YES_AGGRESSIVE;
				CLANG_WARN_UNREACHABLE_CODE = YES;
				CLANG_WARN__DUPLICATE_METHOD_MATCH = YES;
				COPY_PHASE_STRIP = NO;
				DEBUG_INFORMATION_FORMAT = dwarf;
				ENABLE_STRICT_OBJC_MSGSEND = YES;
				ENABLE_TESTABILITY = YES;
				GCC_C_LANGUAGE_STANDARD = gnu11;
				GCC_DYNAMIC_NO_PIC = NO;
				GCC_NO_COMMON_BLOCKS = YES;
				GCC_OPTIMIZATION_LEVEL = 0;
				GCC_PREPROCESSOR_DEFINITIONS = (
					"DEBUG=1",
					"$(inherited)",
				);
				GCC_WARN_64_TO_32_BIT_CONVERSION = YES;
				GCC_WARN_ABOUT_RETURN_TYPE = YES_ERROR;
				GCC_WARN_UNDECLARED_SELECTOR = YES;
				GCC_WARN_UNINITIALIZED_AUTOS = YES_AGGRESSIVE;
				GCC_WARN_UNUSED_FUNCTION = YES;
				GCC_WARN_UNUSED_VARIABLE = YES;
				MACOSX_DEPLOYMENT_TARGET = 12.5;
				MTL_ENABLE_DEBUG_INFO = INCLUDE_SOURCE;
				MTL_FAST_MATH = YES;
				ONLY_ACTIVE_ARCH = YES;
				SDKROOT = macosx;
			};
			name = Debug;
		};
		4A801A5829BF9EFC006F0BD2 /* Release */ = {
			isa = XCBuildConfiguration;
			buildSettings = {
				ALWAYS_SEARCH_USER_PATHS = NO;
				CLANG_ANALYZER_NONNULL = YES;
				CLANG_ANALYZER_NUMBER_OBJECT_CONVERSION = YES_AGGRESSIVE;
				CLANG_CXX_LANGUAGE_STANDARD = "gnu++20";
				CLANG_ENABLE_MODULES = YES;
				CLANG_ENABLE_OBJC_ARC = YES;
				CLANG_ENABLE_OBJC_WEAK = YES;
				CLANG_WARN_BLOCK_CAPTURE_AUTORELEASING = YES;
				CLANG_WARN_BOOL_CONVERSION = YES;
				CLANG_WARN_COMMA = YES;
				CLANG_WARN_CONSTANT_CONVERSION = YES;
				CLANG_WARN_DEPRECATED_OBJC_IMPLEMENTATIONS = YES;
				CLANG_WARN_DIRECT_OBJC_ISA_USAGE = YES_ERROR;
				CLANG_WARN_DOCUMENTATION_COMMENTS = YES;
				CLANG_WARN_EMPTY_BODY = YES;
				CLANG_WARN_ENUM_CONVERSION = YES;
				CLANG_WARN_INFINITE_RECURSION = YES;
				CLANG_WARN_INT_CONVERSION = YES;
				CLANG_WARN_NON_LITERAL_NULL_CONVERSION = YES;
				CLANG_WARN_OBJC_IMPLICIT_RETAIN_SELF = YES;
				CLANG_WARN_OBJC_LITERAL_CONVERSION = YES;
				CLANG_WARN_OBJC_ROOT_CLASS = YES_ERROR;
				CLANG_WARN_QUOTED_INCLUDE_IN_FRAMEWORK_HEADER = YES;
				CLANG_WARN_RANGE_LOOP_ANALYSIS = YES;
				CLANG_WARN_STRICT_PROTOTYPES = YES;
				CLANG_WARN_SUSPICIOUS_MOVE = YES;
				CLANG_WARN_UNGUARDED_AVAILABILITY = YES_AGGRESSIVE;
				CLANG_WARN_UNREACHABLE_CODE = YES;
				CLANG_WARN__DUPLICATE_METHOD_MATCH = YES;
				COPY_PHASE_STRIP = NO;
				DEBUG_INFORMATION_FORMAT = "dwarf-with-dsym";
				ENABLE_NS_ASSERTIONS = NO;
				ENABLE_STRICT_OBJC_MSGSEND = YES;
				GCC_C_LANGUAGE_STANDARD = gnu11;
				GCC_NO_COMMON_BLOCKS = YES;
				GCC_WARN_64_TO_32_BIT_CONVERSION = YES;
				GCC_WARN_ABOUT_RETURN_TYPE = YES_ERROR;
				GCC_WARN_UNDECLARED_SELECTOR = YES;
				GCC_WARN_UNINITIALIZED_AUTOS = YES_AGGRESSIVE;
				GCC_WARN_UNUSED_FUNCTION = YES;
				GCC_WARN_UNUSED_VARIABLE = YES;
				MACOSX_DEPLOYMENT_TARGET = 12.5;
				MTL_ENABLE_DEBUG_INFO = NO;
				MTL_FAST_MATH = YES;
				SDKROOT = macosx;
			};
			name = Release;
		};
		4A801A5A29BF9EFC006F0BD2 /* Debug */ = {
			isa = XCBuildConfiguration;
			buildSettings = {
				CODE_SIGN_STYLE = Automatic;
				PRODUCT_NAME = "$(TARGET_NAME)";
			};
			name = Debug;
		};
		4A801A5B29BF9EFC006F0BD2 /* Release */ = {
			isa = XCBuildConfiguration;
			buildSettings = {
				CODE_SIGN_STYLE = Automatic;
				PRODUCT_NAME = "$(TARGET_NAME)";
			};
			name = Release;
		};
/* End XCBuildConfiguration section */

/* Begin XCConfigurationList section */
		4A801A4D29BF9EFC006F0BD2 /* Build configuration list for PBXProject "MS2" */ = {
			isa = XCConfigurationList;
			buildConfigurations = (
				4A801A5729BF9EFC006F0BD2 /* Debug */,
				4A801A5829BF9EFC006F0BD2 /* Release */,
			);
			defaultConfigurationIsVisible = 0;
			defaultConfigurationName = Release;
		};
		4A801A5929BF9EFC006F0BD2 /* Build configuration list for PBXNativeTarget "MS2" */ = {
			isa = XCConfigurationList;
			buildConfigurations = (
				4A801A5A29BF9EFC006F0BD2 /* Debug */,
				4A801A5B29BF9EFC006F0BD2 /* Release */,
			);
			defaultConfigurationIsVisible = 0;
			defaultConfigurationName = Release;
		};
/* End XCConfigurationList section */
	};
	rootObject = 4A801A4A29BF9EFC006F0BD2 /* Project object */;
}
